
Microsoft Visual Studio Solution File, Format Version 12.00
# Visual Studio Version 16
VisualStudioVersion = 16.0.31019.35
MinimumVisualStudioVersion = 10.0.40219.1
Project("{888888A0-9F3D-457C-B088-3A5042F75D52}") = "HelloApp", "HelloApp\HelloApp.pyproj", "{E0C552C7-3D16-4C10-BDBA-FC69F22E4009}"
EndProject
Global
	GlobalSection(SolutionConfigurationPlatforms) = preSolution
		Debug|Any CPU = Debug|Any CPU
		Release|Any CPU = Release|Any CPU
	EndGlobalSection
	GlobalSection(ProjectConfigurationPlatforms) = postSolution
		{E0C552C7-3D16-4C10-BDBA-FC69F22E4009}.Debug|Any CPU.ActiveCfg = Debug|Any CPU
		{E0C552C7-3D16-4C10-BDBA-FC69F22E4009}.Release|Any CPU.ActiveCfg = Release|Any CPU
	EndGlobalSection
	GlobalSection(SolutionProperties) = preSolution
		HideSolutionNode = FALSE
	EndGlobalSection
	GlobalSection(ExtensibilityGlobals) = postSolution
		SolutionGuid = {D20532FC-5F0D-4F45-A6E5-D37F159EA8BA}
	EndGlobalSection
EndGlobal
